
Microsoft Visual Studio Solution File, Format Version 12.00
# Visual Studio 15
VisualStudioVersion = 15.0.28010.2036
MinimumVisualStudioVersion = 10.0.40219.1
Project("{2150E333-8FDC-42A3-9474-1A3956D46DE8}") = "1 - UI", "1 - UI", "{55E68460-5BFB-4B94-AC31-91D734578841}"
EndProject
Project("{2150E333-8FDC-42A3-9474-1A3956D46DE8}") = "2 - Domain", "2 - Domain", "{0D963B69-EF9E-4DCD-86C0-9D2DEB02ACB9}"
EndProject
Project("{2150E333-8FDC-42A3-9474-1A3956D46DE8}") = "3 - Infrastructure", "3 - Infrastructure", "{75613013-7E8F-4555-AA64-6E2A547E3246}"
EndProject
Project("{9A19103F-16F7-4668-BE54-9A1E7A4F7556}") = "SisConTrad.Core", "src\SisConTrad.Core\SisConTrad.Core.csproj", "{21D8B3CB-F866-4AE2-92F8-28E9605DE124}"
EndProject
Project("{9A19103F-16F7-4668-BE54-9A1E7A4F7556}") = "SisConTrad.Infrastructure", "src\SisConTrad.Infrastructure\SisConTrad.Infrastructure.csproj", "{6433BB6E-7FC8-40F0-A397-4427DAD06D7C}"
EndProject
Project("{9A19103F-16F7-4668-BE54-9A1E7A4F7556}") = "SisConTrad.UI.MVC", "src\SisConTrad.UI.MVC\SisConTrad.UI.MVC.csproj", "{DF36A53D-D985-42E1-BDBA-49A991E7550B}"
EndProject
Project("{2150E333-8FDC-42A3-9474-1A3956D46DE8}") = "4 - IOC", "4 - IOC", "{7EA9F0B6-CF70-4BBE-92BE-34E943A702AA}"
EndProject
Project("{FAE04EC0-301F-11D3-BF4B-00C04F79EFBC}") = "SisConTrad.IOC", "SisConTrad.IOC\SisConTrad.IOC.csproj", "{1FBE9D1E-BA9F-4E87-A074-49D239A3675C}"
EndProject
Global
	GlobalSection(SolutionConfigurationPlatforms) = preSolution
		Debug|Any CPU = Debug|Any CPU
		Release|Any CPU = Release|Any CPU
	EndGlobalSection
	GlobalSection(ProjectConfigurationPlatforms) = postSolution
		{21D8B3CB-F866-4AE2-92F8-28E9605DE124}.Debug|Any CPU.ActiveCfg = Debug|Any CPU
		{21D8B3CB-F866-4AE2-92F8-28E9605DE124}.Debug|Any CPU.Build.0 = Debug|Any CPU
		{21D8B3CB-F866-4AE2-92F8-28E9605DE124}.Release|Any CPU.ActiveCfg = Release|Any CPU
		{21D8B3CB-F866-4AE2-92F8-28E9605DE124}.Release|Any CPU.Build.0 = Release|Any CPU
		{6433BB6E-7FC8-40F0-A397-4427DAD06D7C}.Debug|Any CPU.ActiveCfg = Debug|Any CPU
		{6433BB6E-7FC8-40F0-A397-4427DAD06D7C}.Debug|Any CPU.Build.0 = Debug|Any CPU
		{6433BB6E-7FC8-40F0-A397-4427DAD06D7C}.Release|Any CPU.ActiveCfg = Release|Any CPU
		{6433BB6E-7FC8-40F0-A397-4427DAD06D7C}.Release|Any CPU.Build.0 = Release|Any CPU
		{DF36A53D-D985-42E1-BDBA-49A991E7550B}.Debug|Any CPU.ActiveCfg = Debug|Any CPU
		{DF36A53D-D985-42E1-BDBA-49A991E7550B}.Debug|Any CPU.Build.0 = Debug|Any CPU
		{DF36A53D-D985-42E1-BDBA-49A991E7550B}.Release|Any CPU.ActiveCfg = Release|Any CPU
		{DF36A53D-D985-42E1-BDBA-49A991E7550B}.Release|Any CPU.Build.0 = Release|Any CPU
		{1FBE9D1E-BA9F-4E87-A074-49D239A3675C}.Debug|Any CPU.ActiveCfg = Debug|Any CPU
		{1FBE9D1E-BA9F-4E87-A074-49D239A3675C}.Debug|Any CPU.Build.0 = Debug|Any CPU
		{1FBE9D1E-BA9F-4E87-A074-49D239A3675C}.Release|Any CPU.ActiveCfg = Release|Any CPU
		{1FBE9D1E-BA9F-4E87-A074-49D239A3675C}.Release|Any CPU.Build.0 = Release|Any CPU
	EndGlobalSection
	GlobalSection(SolutionProperties) = preSolution
		HideSolutionNode = FALSE
	EndGlobalSection
	GlobalSection(NestedProjects) = preSolution
		{21D8B3CB-F866-4AE2-92F8-28E9605DE124} = {0D963B69-EF9E-4DCD-86C0-9D2DEB02ACB9}
		{6433BB6E-7FC8-40F0-A397-4427DAD06D7C} = {75613013-7E8F-4555-AA64-6E2A547E3246}
		{DF36A53D-D985-42E1-BDBA-49A991E7550B} = {55E68460-5BFB-4B94-AC31-91D734578841}
		{1FBE9D1E-BA9F-4E87-A074-49D239A3675C} = {7EA9F0B6-CF70-4BBE-92BE-34E943A702AA}
	EndGlobalSection
	GlobalSection(ExtensibilityGlobals) = postSolution
		SolutionGuid = {3BFDB323-4157-4E18-AEA5-F5FF7AF2F334}
	EndGlobalSection
EndGlobal
